
Microsoft Visual Studio Solution File, Format Version 12.00
# Visual Studio Version 16
VisualStudioVersion = 16.0.30104.148
MinimumVisualStudioVersion = 10.0.40219.1
Project("{FAE04EC0-301F-11D3-BF4B-00C04F79EFBC}") = "Nechita_Andrei_Lab2", "Nechita_Andrei_Lab2.csproj", "{A606C7DD-9A3E-4FFB-9181-20CE62D89A76}"
EndProject
Global
	GlobalSection(SolutionConfigurationPlatforms) = preSolution
		Debug|Any CPU = Debug|Any CPU
		Release|Any CPU = Release|Any CPU
	EndGlobalSection
	GlobalSection(ProjectConfigurationPlatforms) = postSolution
		{A606C7DD-9A3E-4FFB-9181-20CE62D89A76}.Debug|Any CPU.ActiveCfg = Debug|Any CPU
		{A606C7DD-9A3E-4FFB-9181-20CE62D89A76}.Debug|Any CPU.Build.0 = Debug|Any CPU
		{A606C7DD-9A3E-4FFB-9181-20CE62D89A76}.Release|Any CPU.ActiveCfg = Release|Any CPU
		{A606C7DD-9A3E-4FFB-9181-20CE62D89A76}.Release|Any CPU.Build.0 = Release|Any CPU
	EndGlobalSection
	GlobalSection(SolutionProperties) = preSolution
		HideSolutionNode = FALSE
	EndGlobalSection
	GlobalSection(ExtensibilityGlobals) = postSolution
		SolutionGuid = {FC760AEA-F9C9-429F-9AC4-972B61C3CDE9}
	EndGlobalSection
EndGlobal
